
Microsoft Visual Studio Solution File, Format Version 12.00
# Visual Studio Version 17
VisualStudioVersion = 17.14.36603.0 d17.14
MinimumVisualStudioVersion = 10.0.40219.1
Project("{54A90642-561A-4BB1-A94E-469ADEE60C69}") = "slove", "slove\slove.esproj", "{FB0FB95A-9B99-82F4-B711-54D8972436C3}"
EndProject
Global
	GlobalSection(SolutionConfigurationPlatforms) = preSolution
		Debug|Any CPU = Debug|Any CPU
		Release|Any CPU = Release|Any CPU
	EndGlobalSection
	GlobalSection(ProjectConfigurationPlatforms) = postSolution
		{FB0FB95A-9B99-82F4-B711-54D8972436C3}.Debug|Any CPU.ActiveCfg = Debug|Any CPU
		{FB0FB95A-9B99-82F4-B711-54D8972436C3}.Debug|Any CPU.Build.0 = Debug|Any CPU
		{FB0FB95A-9B99-82F4-B711-54D8972436C3}.Debug|Any CPU.Deploy.0 = Debug|Any CPU
		{FB0FB95A-9B99-82F4-B711-54D8972436C3}.Release|Any CPU.ActiveCfg = Release|Any CPU
		{FB0FB95A-9B99-82F4-B711-54D8972436C3}.Release|Any CPU.Build.0 = Release|Any CPU
		{FB0FB95A-9B99-82F4-B711-54D8972436C3}.Release|Any CPU.Deploy.0 = Release|Any CPU
	EndGlobalSection
	GlobalSection(SolutionProperties) = preSolution
		HideSolutionNode = FALSE
	EndGlobalSection
	GlobalSection(ExtensibilityGlobals) = postSolution
		SolutionGuid = {D369B581-3791-45E1-8157-22DECB774932}
	EndGlobalSection
EndGlobal
